
Microsoft Visual Studio Solution File, Format Version 12.00
# Visual Studio Version 17
VisualStudioVersion = 17.6.33815.320
MinimumVisualStudioVersion = 10.0.40219.1
Project("{FAE04EC0-301F-11D3-BF4B-00C04F79EFBC}") = "Calculator", "Calculator.csproj", "{5054918F-7D40-48B3-969A-5C0A5E9C4AFD}"
EndProject
Global
	GlobalSection(SolutionConfigurationPlatforms) = preSolution
		Debug|Any CPU = Debug|Any CPU
		Release|Any CPU = Release|Any CPU
	EndGlobalSection
	GlobalSection(ProjectConfigurationPlatforms) = postSolution
		{5054918F-7D40-48B3-969A-5C0A5E9C4AFD}.Debug|Any CPU.ActiveCfg = Debug|Any CPU
		{5054918F-7D40-48B3-969A-5C0A5E9C4AFD}.Debug|Any CPU.Build.0 = Debug|Any CPU
		{5054918F-7D40-48B3-969A-5C0A5E9C4AFD}.Release|Any CPU.ActiveCfg = Release|Any CPU
		{5054918F-7D40-48B3-969A-5C0A5E9C4AFD}.Release|Any CPU.Build.0 = Release|Any CPU
	EndGlobalSection
	GlobalSection(SolutionProperties) = preSolution
		HideSolutionNode = FALSE
	EndGlobalSection
	GlobalSection(ExtensibilityGlobals) = postSolution
		SolutionGuid = {DDD87FDF-5245-4097-B016-CE93170086B4}
	EndGlobalSection
EndGlobal
